
Microsoft Visual Studio Solution File, Format Version 12.00
# Visual Studio Version 17
VisualStudioVersion = 17.8.34322.80
MinimumVisualStudioVersion = 10.0.40219.1
Project("{FAE04EC0-301F-11D3-BF4B-00C04F79EFBC}") = "Hasznaltauto", "Hasznaltauto\Hasznaltauto.csproj", "{ADF84738-7880-46DF-A7E5-A43902D02375}"
EndProject
Global
	GlobalSection(SolutionConfigurationPlatforms) = preSolution
		Debug|Any CPU = Debug|Any CPU
		Release|Any CPU = Release|Any CPU
	EndGlobalSection
	GlobalSection(ProjectConfigurationPlatforms) = postSolution
		{ADF84738-7880-46DF-A7E5-A43902D02375}.Debug|Any CPU.ActiveCfg = Debug|Any CPU
		{ADF84738-7880-46DF-A7E5-A43902D02375}.Debug|Any CPU.Build.0 = Debug|Any CPU
		{ADF84738-7880-46DF-A7E5-A43902D02375}.Release|Any CPU.ActiveCfg = Release|Any CPU
		{ADF84738-7880-46DF-A7E5-A43902D02375}.Release|Any CPU.Build.0 = Release|Any CPU
	EndGlobalSection
	GlobalSection(SolutionProperties) = preSolution
		HideSolutionNode = FALSE
	EndGlobalSection
	GlobalSection(ExtensibilityGlobals) = postSolution
		SolutionGuid = {A858257D-6EB9-46F1-9E1A-B6E9B5E00401}
	EndGlobalSection
EndGlobal
